<?xml version="1.0" encoding="utf-8"?>
<Project ToolsVersion="4.0" xmlns="http://schemas.microsoft.com/developer/msbuild/2003">
  <ItemGroup>
    <ClCompile Include="..\src\Main.cpp" />
    <ClCompile Include="..\src\Network\TCPServerDispatcher.cpp">
      <Filter>Network</Filter>
    </ClCompile>
    <ClCompile Include="..\src\Network\TCPServerConnection.cpp">
      <Filter>Network</Filter>
    </ClCompile>
    <ClCompile Include="..\src\Network\TCPServerConnectionFactory.cpp">
      <Filter>Network</Filter>
    </ClCompile>
    <ClCompile Include="..\src\Network\TCPServer.cpp">
      <Filter>Network</Filter>
    </ClCompile>
    <ClCompile Include="..\src\Network\Session.cpp">
      <Filter>Network</Filter>
    </ClCompile>
  </ItemGroup>
  <ItemGroup>
    <ClInclude Include="..\src\Build.h" />
    <ClInclude Include="..\src\Types.h" />
    <ClInclude Include="..\src\Network\TCPServerDispatcher.h">
      <Filter>Network</Filter>
    </ClInclude>
    <ClInclude Include="..\src\Network\TCPServerConnection.h">
      <Filter>Network</Filter>
    </ClInclude>
    <ClInclude Include="..\src\Network\TCPServerConnectionFactory.h">
      <Filter>Network</Filter>
    </ClInclude>
    <ClInclude Include="..\src\Network\TCPServer.h">
      <Filter>Network</Filter>
    </ClInclude>
    <ClInclude Include="..\src\Network\Session.h">
      <Filter>Network</Filter>
    </ClInclude>
  </ItemGroup>
  <ItemGroup>
    <Filter Include="Network">
      <UniqueIdentifier>{7e790414-c468-418c-ba9c-91e43be9c717}</UniqueIdentifier>
    </Filter>
  </ItemGroup>
</Project>